
Microsoft Visual Studio Solution File, Format Version 12.00
# Visual Studio Version 17
VisualStudioVersion = 17.5.33424.131
MinimumVisualStudioVersion = 10.0.40219.1
Project("{FAE04EC0-301F-11D3-BF4B-00C04F79EFBC}") = "Erettsegi_feladatok", "Erettsegi_feladatok.csproj", "{08424A15-83D6-4C9A-B092-C2F42B28B096}"
EndProject
Global
	GlobalSection(SolutionConfigurationPlatforms) = preSolution
		Debug|Any CPU = Debug|Any CPU
		Release|Any CPU = Release|Any CPU
	EndGlobalSection
	GlobalSection(ProjectConfigurationPlatforms) = postSolution
		{08424A15-83D6-4C9A-B092-C2F42B28B096}.Debug|Any CPU.ActiveCfg = Debug|Any CPU
		{08424A15-83D6-4C9A-B092-C2F42B28B096}.Debug|Any CPU.Build.0 = Debug|Any CPU
		{08424A15-83D6-4C9A-B092-C2F42B28B096}.Release|Any CPU.ActiveCfg = Release|Any CPU
		{08424A15-83D6-4C9A-B092-C2F42B28B096}.Release|Any CPU.Build.0 = Release|Any CPU
	EndGlobalSection
	GlobalSection(SolutionProperties) = preSolution
		HideSolutionNode = FALSE
	EndGlobalSection
	GlobalSection(ExtensibilityGlobals) = postSolution
		SolutionGuid = {EDA08041-6648-446B-8672-B6968C06BABE}
	EndGlobalSection
EndGlobal
